// !$*UTF8*$!
{
	archiveVersion = 1;
	classes = {
	};
	objectVersion = 46;
	objects = {

/* Begin PBXBuildFile section */
		2CD970571945496D008619FF /* Foundation.framework in Frameworks */ = {isa = PBXBuildFile; fileRef = 2CD970561945496D008619FF /* Foundation.framework */; };
		2CD970591945496D008619FF /* CoreGraphics.framework in Frameworks */ = {isa = PBXBuildFile; fileRef = 2CD970581945496D008619FF /* CoreGraphics.framework */; };
		2CD9705B1945496D008619FF /* UIKit.framework in Frameworks */ = {isa = PBXBuildFile; fileRef = 2CD9705A1945496D008619FF /* UIKit.framework */; };
		2CD970611945496D008619FF /* InfoPlist.strings in Resources */ = {isa = PBXBuildFile; fileRef = 2CD9705F1945496D008619FF /* InfoPlist.strings */; };
		2CD970631945496D008619FF /* main.m in Sources */ = {isa = PBXBuildFile; fileRef = 2CD970621945496D008619FF /* main.m */; };
		2CD970671945496D008619FF /* O2OAppDelegate.m in Sources */ = {isa = PBXBuildFile; fileRef = 2CD970661945496D008619FF /* O2OAppDelegate.m */; };
		2CD970691945496D008619FF /* Images.xcassets in Resources */ = {isa = PBXBuildFile; fileRef = 2CD970681945496D008619FF /* Images.xcassets */; };
		2CD970701945496D008619FF /* XCTest.framework in Frameworks */ = {isa = PBXBuildFile; fileRef = 2CD9706F1945496D008619FF /* XCTest.framework */; };
		2CD970711945496D008619FF /* Foundation.framework in Frameworks */ = {isa = PBXBuildFile; fileRef = 2CD970561945496D008619FF /* Foundation.framework */; };
		2CD970721945496D008619FF /* UIKit.framework in Frameworks */ = {isa = PBXBuildFile; fileRef = 2CD9705A1945496D008619FF /* UIKit.framework */; };
		2CD9707A1945496D008619FF /* InfoPlist.strings in Resources */ = {isa = PBXBuildFile; fileRef = 2CD970781945496D008619FF /* InfoPlist.strings */; };
		2CD9707C1945496D008619FF /* UMengDemoTests.m in Sources */ = {isa = PBXBuildFile; fileRef = 2CD9707B1945496D008619FF /* UMengDemoTests.m */; };
		2CD970A0194549C5008619FF /* UMSocialLocalizable.strings in Resources */ = {isa = PBXBuildFile; fileRef = 2CD97086194549C5008619FF /* UMSocialLocalizable.strings */; };
		2CD970A1194549C5008619FF /* libUMSocial_Sdk_3.3.8.a in Frameworks */ = {isa = PBXBuildFile; fileRef = 2CD97094194549C5008619FF /* libUMSocial_Sdk_3.3.8.a */; };
		2CD970A2194549C5008619FF /* UMSCommentDetailController.xib in Resources */ = {isa = PBXBuildFile; fileRef = 2CD97096194549C5008619FF /* UMSCommentDetailController.xib */; };
		2CD970A3194549C5008619FF /* UMSCommentInputController.xib in Resources */ = {isa = PBXBuildFile; fileRef = 2CD97097194549C5008619FF /* UMSCommentInputController.xib */; };
		2CD970A4194549C5008619FF /* UMSCommentInputControlleriPad.xib in Resources */ = {isa = PBXBuildFile; fileRef = 2CD97098194549C5008619FF /* UMSCommentInputControlleriPad.xib */; };
		2CD970A5194549C5008619FF /* UMShareEditViewController.xib in Resources */ = {isa = PBXBuildFile; fileRef = 2CD97099194549C5008619FF /* UMShareEditViewController.xib */; };
		2CD970A6194549C5008619FF /* UMShareEditViewControlleriPad.xib in Resources */ = {isa = PBXBuildFile; fileRef = 2CD9709A194549C5008619FF /* UMShareEditViewControlleriPad.xib */; };
		2CD970A7194549C5008619FF /* UMSLoginViewController.xib in Resources */ = {isa = PBXBuildFile; fileRef = 2CD9709B194549C5008619FF /* UMSLoginViewController.xib */; };
		2CD970A8194549C5008619FF /* UMSnsAccountViewController.xib in Resources */ = {isa = PBXBuildFile; fileRef = 2CD9709C194549C5008619FF /* UMSnsAccountViewController.xib */; };
		2CD970A9194549C5008619FF /* UMSShareListController.xib in Resources */ = {isa = PBXBuildFile; fileRef = 2CD9709D194549C5008619FF /* UMSShareListController.xib */; };
		2CD970AA194549C5008619FF /* UMSocialSDKResourcesNew.bundle in Resources */ = {isa = PBXBuildFile; fileRef = 2CD9709E194549C5008619FF /* UMSocialSDKResourcesNew.bundle */; };
		2CD970AE19454B3D008619FF /* HomeViewController.m in Sources */ = {isa = PBXBuildFile; fileRef = 2CD970AC19454B3D008619FF /* HomeViewController.m */; };
		2CD970AF19454B3D008619FF /* HomeViewController.xib in Resources */ = {isa = PBXBuildFile; fileRef = 2CD970AD19454B3D008619FF /* HomeViewController.xib */; };
		2CD970B119454C7F008619FF /* Security.framework in Frameworks */ = {isa = PBXBuildFile; fileRef = 2CD970B019454C7F008619FF /* Security.framework */; };
		2CD970B319454C8D008619FF /* libiconv.dylib in Frameworks */ = {isa = PBXBuildFile; fileRef = 2CD970B219454C8D008619FF /* libiconv.dylib */; };
		2CD970B519454C9C008619FF /* SystemConfiguration.framework in Frameworks */ = {isa = PBXBuildFile; fileRef = 2CD970B419454C9C008619FF /* SystemConfiguration.framework */; };
		2CD970B719454CE6008619FF /* libsqlite3.dylib in Frameworks */ = {isa = PBXBuildFile; fileRef = 2CD970B619454CE6008619FF /* libsqlite3.dylib */; };
		2CD970B919454CEF008619FF /* CoreTelephony.framework in Frameworks */ = {isa = PBXBuildFile; fileRef = 2CD970B819454CEF008619FF /* CoreTelephony.framework */; };
		2CD970BD19454D04008619FF /* libstdc++.dylib in Frameworks */ = {isa = PBXBuildFile; fileRef = 2CD970BC19454D04008619FF /* libstdc++.dylib */; };
		2CD970BF19454D10008619FF /* libz.dylib in Frameworks */ = {isa = PBXBuildFile; fileRef = 2CD970BE19454D10008619FF /* libz.dylib */; };
		2CD970C119454D68008619FF /* icon.png in Resources */ = {isa = PBXBuildFile; fileRef = 2CD970C019454D68008619FF /* icon.png */; };
/* End PBXBuildFile section */

/* Begin PBXContainerItemProxy section */
		2CD970731945496D008619FF /* PBXContainerItemProxy */ = {
			isa = PBXContainerItemProxy;
			containerPortal = 2CD9704B1945496D008619FF /* Project object */;
			proxyType = 1;
			remoteGlobalIDString = 2CD970521945496D008619FF;
			remoteInfo = UMengDemo;
		};
/* End PBXContainerItemProxy section */

/* Begin PBXFileReference section */
		2CD970531945496D008619FF /* UMengDemo.app */ = {isa = PBXFileReference; explicitFileType = wrapper.application; includeInIndex = 0; path = UMengDemo.app; sourceTree = BUILT_PRODUCTS_DIR; };
		2CD970561945496D008619FF /* Foundation.framework */ = {isa = PBXFileReference; lastKnownFileType = wrapper.framework; name = Foundation.framework; path = System/Library/Frameworks/Foundation.framework; sourceTree = SDKROOT; };
		2CD970581945496D008619FF /* CoreGraphics.framework */ = {isa = PBXFileReference; lastKnownFileType = wrapper.framework; name = CoreGraphics.framework; path = System/Library/Frameworks/CoreGraphics.framework; sourceTree = SDKROOT; };
		2CD9705A1945496D008619FF /* UIKit.framework */ = {isa = PBXFileReference; lastKnownFileType = wrapper.framework; name = UIKit.framework; path = System/Library/Frameworks/UIKit.framework; sourceTree = SDKROOT; };
		2CD9705E1945496D008619FF /* UMengDemo-Info.plist */ = {isa = PBXFileReference; lastKnownFileType = text.plist.xml; path = "UMengDemo-Info.plist"; sourceTree = "<group>"; };
		2CD970601945496D008619FF /* en */ = {isa = PBXFileReference; lastKnownFileType = text.plist.strings; name = en; path = en.lproj/InfoPlist.strings; sourceTree = "<group>"; };
		2CD970621945496D008619FF /* main.m */ = {isa = PBXFileReference; lastKnownFileType = sourcecode.c.objc; path = main.m; sourceTree = "<group>"; };
		2CD970641945496D008619FF /* UMengDemo-Prefix.pch */ = {isa = PBXFileReference; lastKnownFileType = sourcecode.c.h; path = "UMengDemo-Prefix.pch"; sourceTree = "<group>"; };
		2CD970651945496D008619FF /* O2OAppDelegate.h */ = {isa = PBXFileReference; lastKnownFileType = sourcecode.c.h; path = O2OAppDelegate.h; sourceTree = "<group>"; };
		2CD970661945496D008619FF /* O2OAppDelegate.m */ = {isa = PBXFileReference; lastKnownFileType = sourcecode.c.objc; path = O2OAppDelegate.m; sourceTree = "<group>"; };
		2CD970681945496D008619FF /* Images.xcassets */ = {isa = PBXFileReference; lastKnownFileType = folder.assetcatalog; path = Images.xcassets; sourceTree = "<group>"; };
		2CD9706E1945496D008619FF /* UMengDemoTests.xctest */ = {isa = PBXFileReference; explicitFileType = wrapper.cfbundle; includeInIndex = 0; path = UMengDemoTests.xctest; sourceTree = BUILT_PRODUCTS_DIR; };
		2CD9706F1945496D008619FF /* XCTest.framework */ = {isa = PBXFileReference; lastKnownFileType = wrapper.framework; name = XCTest.framework; path = Library/Frameworks/XCTest.framework; sourceTree = DEVELOPER_DIR; };
		2CD970771945496D008619FF /* UMengDemoTests-Info.plist */ = {isa = PBXFileReference; lastKnownFileType = text.plist.xml; path = "UMengDemoTests-Info.plist"; sourceTree = "<group>"; };
		2CD970791945496D008619FF /* en */ = {isa = PBXFileReference; lastKnownFileType = text.plist.strings; name = en; path = en.lproj/InfoPlist.strings; sourceTree = "<group>"; };
		2CD9707B1945496D008619FF /* UMengDemoTests.m */ = {isa = PBXFileReference; lastKnownFileType = sourcecode.c.objc; path = UMengDemoTests.m; sourceTree = "<group>"; };
		2CD97087194549C5008619FF /* en */ = {isa = PBXFileReference; lastKnownFileType = text.plist.strings; name = en; path = en.lproj/UMSocialLocalizable.strings; sourceTree = "<group>"; };
		2CD97089194549C5008619FF /* UMSocial.h */ = {isa = PBXFileReference; fileEncoding = 4; lastKnownFileType = sourcecode.c.h; path = UMSocial.h; sourceTree = "<group>"; };
		2CD9708A194549C5008619FF /* UMSocialAccountManager.h */ = {isa = PBXFileReference; fileEncoding = 4; lastKnownFileType = sourcecode.c.h; path = UMSocialAccountManager.h; sourceTree = "<group>"; };
		2CD9708B194549C5008619FF /* UMSocialBar.h */ = {isa = PBXFileReference; fileEncoding = 4; lastKnownFileType = sourcecode.c.h; path = UMSocialBar.h; sourceTree = "<group>"; };
		2CD9708C194549C5008619FF /* UMSocialConfig.h */ = {isa = PBXFileReference; fileEncoding = 4; lastKnownFileType = sourcecode.c.h; path = UMSocialConfig.h; sourceTree = "<group>"; };
		2CD9708D194549C5008619FF /* UMSocialControllerService.h */ = {isa = PBXFileReference; fileEncoding = 4; lastKnownFileType = sourcecode.c.h; path = UMSocialControllerService.h; sourceTree = "<group>"; };
		2CD9708E194549C5008619FF /* UMSocialControllerServiceComment.h */ = {isa = PBXFileReference; fileEncoding = 4; lastKnownFileType = sourcecode.c.h; path = UMSocialControllerServiceComment.h; sourceTree = "<group>"; };
		2CD9708F194549C5008619FF /* UMSocialData.h */ = {isa = PBXFileReference; fileEncoding = 4; lastKnownFileType = sourcecode.c.h; path = UMSocialData.h; sourceTree = "<group>"; };
		2CD97090194549C5008619FF /* UMSocialDataService.h */ = {isa = PBXFileReference; fileEncoding = 4; lastKnownFileType = sourcecode.c.h; path = UMSocialDataService.h; sourceTree = "<group>"; };
		2CD97091194549C5008619FF /* UMSocialSnsData.h */ = {isa = PBXFileReference; fileEncoding = 4; lastKnownFileType = sourcecode.c.h; path = UMSocialSnsData.h; sourceTree = "<group>"; };
		2CD97092194549C5008619FF /* UMSocialSnsPlatformManager.h */ = {isa = PBXFileReference; fileEncoding = 4; lastKnownFileType = sourcecode.c.h; path = UMSocialSnsPlatformManager.h; sourceTree = "<group>"; };
		2CD97093194549C5008619FF /* UMSocialSnsService.h */ = {isa = PBXFileReference; fileEncoding = 4; lastKnownFileType = sourcecode.c.h; path = UMSocialSnsService.h; sourceTree = "<group>"; };
		2CD97094194549C5008619FF /* libUMSocial_Sdk_3.3.8.a */ = {isa = PBXFileReference; lastKnownFileType = archive.ar; path = libUMSocial_Sdk_3.3.8.a; sourceTree = "<group>"; };
		2CD97096194549C5008619FF /* UMSCommentDetailController.xib */ = {isa = PBXFileReference; fileEncoding = 4; lastKnownFileType = file.xib; path = UMSCommentDetailController.xib; sourceTree = "<group>"; };
		2CD97097194549C5008619FF /* UMSCommentInputController.xib */ = {isa = PBXFileReference; fileEncoding = 4; lastKnownFileType = file.xib; path = UMSCommentInputController.xib; sourceTree = "<group>"; };
		2CD97098194549C5008619FF /* UMSCommentInputControlleriPad.xib */ = {isa = PBXFileReference; fileEncoding = 4; lastKnownFileType = file.xib; path = UMSCommentInputControlleriPad.xib; sourceTree = "<group>"; };
		2CD97099194549C5008619FF /* UMShareEditViewController.xib */ = {isa = PBXFileReference; fileEncoding = 4; lastKnownFileType = file.xib; path = UMShareEditViewController.xib; sourceTree = "<group>"; };
		2CD9709A194549C5008619FF /* UMShareEditViewControlleriPad.xib */ = {isa = PBXFileReference; fileEncoding = 4; lastKnownFileType = file.xib; path = UMShareEditViewControlleriPad.xib; sourceTree = "<group>"; };
		2CD9709B194549C5008619FF /* UMSLoginViewController.xib */ = {isa = PBXFileReference; fileEncoding = 4; lastKnownFileType = file.xib; path = UMSLoginViewController.xib; sourceTree = "<group>"; };
		2CD9709C194549C5008619FF /* UMSnsAccountViewController.xib */ = {isa = PBXFileReference; fileEncoding = 4; lastKnownFileType = file.xib; path = UMSnsAccountViewController.xib; sourceTree = "<group>"; };
		2CD9709D194549C5008619FF /* UMSShareListController.xib */ = {isa = PBXFileReference; fileEncoding = 4; lastKnownFileType = file.xib; path = UMSShareListController.xib; sourceTree = "<group>"; };
		2CD9709E194549C5008619FF /* UMSocialSDKResourcesNew.bundle */ = {isa = PBXFileReference; lastKnownFileType = "wrapper.plug-in"; path = UMSocialSDKResourcesNew.bundle; sourceTree = "<group>"; };
		2CD9709F194549C5008619FF /* zh-Hans */ = {isa = PBXFileReference; lastKnownFileType = text.plist.strings; name = "zh-Hans"; path = "zh-Hans.lproj/UMSocialLocalizable.strings"; sourceTree = "<group>"; };
		2CD970AB19454B3D008619FF /* HomeViewController.h */ = {isa = PBXFileReference; fileEncoding = 4; lastKnownFileType = sourcecode.c.h; path = HomeViewController.h; sourceTree = "<group>"; };
		2CD970AC19454B3D008619FF /* HomeViewController.m */ = {isa = PBXFileReference; fileEncoding = 4; lastKnownFileType = sourcecode.c.objc; path = HomeViewController.m; sourceTree = "<group>"; };
		2CD970AD19454B3D008619FF /* HomeViewController.xib */ = {isa = PBXFileReference; fileEncoding = 4; lastKnownFileType = file.xib; path = HomeViewController.xib; sourceTree = "<group>"; };
		2CD970B019454C7F008619FF /* Security.framework */ = {isa = PBXFileReference; lastKnownFileType = wrapper.framework; name = Security.framework; path = System/Library/Frameworks/Security.framework; sourceTree = SDKROOT; };
		2CD970B219454C8D008619FF /* libiconv.dylib */ = {isa = PBXFileReference; lastKnownFileType = "compiled.mach-o.dylib"; name = libiconv.dylib; path = usr/lib/libiconv.dylib; sourceTree = SDKROOT; };
		2CD970B419454C9C008619FF /* SystemConfiguration.framework */ = {isa = PBXFileReference; lastKnownFileType = wrapper.framework; name = SystemConfiguration.framework; path = System/Library/Frameworks/SystemConfiguration.framework; sourceTree = SDKROOT; };
		2CD970B619454CE6008619FF /* libsqlite3.dylib */ = {isa = PBXFileReference; lastKnownFileType = "compiled.mach-o.dylib"; name = libsqlite3.dylib; path = usr/lib/libsqlite3.dylib; sourceTree = SDKROOT; };
		2CD970B819454CEF008619FF /* CoreTelephony.framework */ = {isa = PBXFileReference; lastKnownFileType = wrapper.framework; name = CoreTelephony.framework; path = System/Library/Frameworks/CoreTelephony.framework; sourceTree = SDKROOT; };
		2CD970BA19454CFD008619FF /* libstdc++.6.0.9.dylib */ = {isa = PBXFileReference; lastKnownFileType = "compiled.mach-o.dylib"; name = "libstdc++.6.0.9.dylib"; path = "usr/lib/libstdc++.6.0.9.dylib"; sourceTree = SDKROOT; };
		2CD970BC19454D04008619FF /* libstdc++.dylib */ = {isa = PBXFileReference; lastKnownFileType = "compiled.mach-o.dylib"; name = "libstdc++.dylib"; path = "usr/lib/libstdc++.dylib"; sourceTree = SDKROOT; };
		2CD970BE19454D10008619FF /* libz.dylib */ = {isa = PBXFileReference; lastKnownFileType = "compiled.mach-o.dylib"; name = libz.dylib; path = usr/lib/libz.dylib; sourceTree = SDKROOT; };
		2CD970C019454D68008619FF /* icon.png */ = {isa = PBXFileReference; lastKnownFileType = image.png; path = icon.png; sourceTree = "<group>"; };
/* End PBXFileReference section */

/* Begin PBXFrameworksBuildPhase section */
		2CD970501945496D008619FF /* Frameworks */ = {
			isa = PBXFrameworksBuildPhase;
			buildActionMask = 2147483647;
			files = (
				2CD970BF19454D10008619FF /* libz.dylib in Frameworks */,
				2CD970BD19454D04008619FF /* libstdc++.dylib in Frameworks */,
				2CD970B919454CEF008619FF /* CoreTelephony.framework in Frameworks */,
				2CD970B719454CE6008619FF /* libsqlite3.dylib in Frameworks */,
				2CD970B119454C7F008619FF /* Security.framework in Frameworks */,
				2CD970591945496D008619FF /* CoreGraphics.framework in Frameworks */,
				2CD970B519454C9C008619FF /* SystemConfiguration.framework in Frameworks */,
				2CD970B319454C8D008619FF /* libiconv.dylib in Frameworks */,
				2CD970A1194549C5008619FF /* libUMSocial_Sdk_3.3.8.a in Frameworks */,
				2CD9705B1945496D008619FF /* UIKit.framework in Frameworks */,
				2CD970571945496D008619FF /* Foundation.framework in Frameworks */,
			);
			runOnlyForDeploymentPostprocessing = 0;
		};
		2CD9706B1945496D008619FF /* Frameworks */ = {
			isa = PBXFrameworksBuildPhase;
			buildActionMask = 2147483647;
			files = (
				2CD970701945496D008619FF /* XCTest.framework in Frameworks */,
				2CD970721945496D008619FF /* UIKit.framework in Frameworks */,
				2CD970711945496D008619FF /* Foundation.framework in Frameworks */,
			);
			runOnlyForDeploymentPostprocessing = 0;
		};
/* End PBXFrameworksBuildPhase section */

/* Begin PBXGroup section */
		2CD9704A1945496D008619FF = {
			isa = PBXGroup;
			children = (
				2CD97085194549C5008619FF /* UMSocial_Sdk_3.3.8 */,
				2CD9705C1945496D008619FF /* UMengDemo */,
				2CD970751945496D008619FF /* UMengDemoTests */,
				2CD970551945496D008619FF /* Frameworks */,
				2CD970541945496D008619FF /* Products */,
			);
			sourceTree = "<group>";
		};
		2CD970541945496D008619FF /* Products */ = {
			isa = PBXGroup;
			children = (
				2CD970531945496D008619FF /* UMengDemo.app */,
				2CD9706E1945496D008619FF /* UMengDemoTests.xctest */,
			);
			name = Products;
			sourceTree = "<group>";
		};
		2CD970551945496D008619FF /* Frameworks */ = {
			isa = PBXGroup;
			children = (
				2CD970BE19454D10008619FF /* libz.dylib */,
				2CD970BC19454D04008619FF /* libstdc++.dylib */,
				2CD970BA19454CFD008619FF /* libstdc++.6.0.9.dylib */,
				2CD970B819454CEF008619FF /* CoreTelephony.framework */,
				2CD970B619454CE6008619FF /* libsqlite3.dylib */,
				2CD970B419454C9C008619FF /* SystemConfiguration.framework */,
				2CD970B219454C8D008619FF /* libiconv.dylib */,
				2CD970B019454C7F008619FF /* Security.framework */,
				2CD970561945496D008619FF /* Foundation.framework */,
				2CD970581945496D008619FF /* CoreGraphics.framework */,
				2CD9705A1945496D008619FF /* UIKit.framework */,
				2CD9706F1945496D008619FF /* XCTest.framework */,
			);
			name = Frameworks;
			sourceTree = "<group>";
		};
		2CD9705C1945496D008619FF /* UMengDemo */ = {
			isa = PBXGroup;
			children = (
				2CD970651945496D008619FF /* O2OAppDelegate.h */,
				2CD970661945496D008619FF /* O2OAppDelegate.m */,
				2CD970AB19454B3D008619FF /* HomeViewController.h */,
				2CD970AC19454B3D008619FF /* HomeViewController.m */,
				2CD970AD19454B3D008619FF /* HomeViewController.xib */,
				2CD970681945496D008619FF /* Images.xcassets */,
				2CD9705D1945496D008619FF /* Supporting Files */,
			);
			path = UMengDemo;
			sourceTree = "<group>";
		};
		2CD9705D1945496D008619FF /* Supporting Files */ = {
			isa = PBXGroup;
			children = (
				2CD970C019454D68008619FF /* icon.png */,
				2CD9705E1945496D008619FF /* UMengDemo-Info.plist */,
				2CD9705F1945496D008619FF /* InfoPlist.strings */,
				2CD970621945496D008619FF /* main.m */,
				2CD970641945496D008619FF /* UMengDemo-Prefix.pch */,
			);
			name = "Supporting Files";
			sourceTree = "<group>";
		};
		2CD970751945496D008619FF /* UMengDemoTests */ = {
			isa = PBXGroup;
			children = (
				2CD9707B1945496D008619FF /* UMengDemoTests.m */,
				2CD970761945496D008619FF /* Supporting Files */,
			);
			path = UMengDemoTests;
			sourceTree = "<group>";
		};
		2CD970761945496D008619FF /* Supporting Files */ = {
			isa = PBXGroup;
			children = (
				2CD970771945496D008619FF /* UMengDemoTests-Info.plist */,
				2CD970781945496D008619FF /* InfoPlist.strings */,
			);
			name = "Supporting Files";
			sourceTree = "<group>";
		};
		2CD97085194549C5008619FF /* UMSocial_Sdk_3.3.8 */ = {
			isa = PBXGroup;
			children = (
				2CD97086194549C5008619FF /* UMSocialLocalizable.strings */,
				2CD97088194549C5008619FF /* Header */,
				2CD97094194549C5008619FF /* libUMSocial_Sdk_3.3.8.a */,
				2CD97095194549C5008619FF /* SocialSDKXib */,
				2CD9709E194549C5008619FF /* UMSocialSDKResourcesNew.bundle */,
			);
			path = UMSocial_Sdk_3.3.8;
			sourceTree = "<group>";
		};
		2CD97088194549C5008619FF /* Header */ = {
			isa = PBXGroup;
			children = (
				2CD97089194549C5008619FF /* UMSocial.h */,
				2CD9708A194549C5008619FF /* UMSocialAccountManager.h */,
				2CD9708B194549C5008619FF /* UMSocialBar.h */,
				2CD9708C194549C5008619FF /* UMSocialConfig.h */,
				2CD9708D194549C5008619FF /* UMSocialControllerService.h */,
				2CD9708E194549C5008619FF /* UMSocialControllerServiceComment.h */,
				2CD9708F194549C5008619FF /* UMSocialData.h */,
				2CD97090194549C5008619FF /* UMSocialDataService.h */,
				2CD97091194549C5008619FF /* UMSocialSnsData.h */,
				2CD97092194549C5008619FF /* UMSocialSnsPlatformManager.h */,
				2CD97093194549C5008619FF /* UMSocialSnsService.h */,
			);
			path = Header;
			sourceTree = "<group>";
		};
		2CD97095194549C5008619FF /* SocialSDKXib */ = {
			isa = PBXGroup;
			children = (
				2CD97096194549C5008619FF /* UMSCommentDetailController.xib */,
				2CD97097194549C5008619FF /* UMSCommentInputController.xib */,
				2CD97098194549C5008619FF /* UMSCommentInputControlleriPad.xib */,
				2CD97099194549C5008619FF /* UMShareEditViewController.xib */,
				2CD9709A194549C5008619FF /* UMShareEditViewControlleriPad.xib */,
				2CD9709B194549C5008619FF /* UMSLoginViewController.xib */,
				2CD9709C194549C5008619FF /* UMSnsAccountViewController.xib */,
				2CD9709D194549C5008619FF /* UMSShareListController.xib */,
			);
			path = SocialSDKXib;
			sourceTree = "<group>";
		};
/* End PBXGroup section */

/* Begin PBXNativeTarget section */
		2CD970521945496D008619FF /* UMengDemo */ = {
			isa = PBXNativeTarget;
			buildConfigurationList = 2CD9707F1945496D008619FF /* Build configuration list for PBXNativeTarget "UMengDemo" */;
			buildPhases = (
				2CD9704F1945496D008619FF /* Sources */,
				2CD970501945496D008619FF /* Frameworks */,
				2CD970511945496D008619FF /* Resources */,
			);
			buildRules = (
			);
			dependencies = (
			);
			name = UMengDemo;
			productName = UMengDemo;
			productReference = 2CD970531945496D008619FF /* UMengDemo.app */;
			productType = "com.apple.product-type.application";
		};
		2CD9706D1945496D008619FF /* UMengDemoTests */ = {
			isa = PBXNativeTarget;
			buildConfigurationList = 2CD970821945496D008619FF /* Build configuration list for PBXNativeTarget "UMengDemoTests" */;
			buildPhases = (
				2CD9706A1945496D008619FF /* Sources */,
				2CD9706B1945496D008619FF /* Frameworks */,
				2CD9706C1945496D008619FF /* Resources */,
			);
			buildRules = (
			);
			dependencies = (
				2CD970741945496D008619FF /* PBXTargetDependency */,
			);
			name = UMengDemoTests;
			productName = UMengDemoTests;
			productReference = 2CD9706E1945496D008619FF /* UMengDemoTests.xctest */;
			productType = "com.apple.product-type.bundle.unit-test";
		};
/* End PBXNativeTarget section */

/* Begin PBXProject section */
		2CD9704B1945496D008619FF /* Project object */ = {
			isa = PBXProject;
			attributes = {
				CLASSPREFIX = O2O;
				LastUpgradeCheck = 0510;
				ORGANIZATIONNAME = Marcus.ji;
				TargetAttributes = {
					2CD9706D1945496D008619FF = {
						TestTargetID = 2CD970521945496D008619FF;
					};
				};
			};
			buildConfigurationList = 2CD9704E1945496D008619FF /* Build configuration list for PBXProject "UMengDemo" */;
			compatibilityVersion = "Xcode 3.2";
			developmentRegion = English;
			hasScannedForEncodings = 0;
			knownRegions = (
				en,
				"zh-Hans",
			);
			mainGroup = 2CD9704A1945496D008619FF;
			productRefGroup = 2CD970541945496D008619FF /* Products */;
			projectDirPath = "";
			projectRoot = "";
			targets = (
				2CD970521945496D008619FF /* UMengDemo */,
				2CD9706D1945496D008619FF /* UMengDemoTests */,
			);
		};
/* End PBXProject section */

/* Begin PBXResourcesBuildPhase section */
		2CD970511945496D008619FF /* Resources */ = {
			isa = PBXResourcesBuildPhase;
			buildActionMask = 2147483647;
			files = (
				2CD970A5194549C5008619FF /* UMShareEditViewController.xib in Resources */,
				2CD970A4194549C5008619FF /* UMSCommentInputControlleriPad.xib in Resources */,
				2CD970AF19454B3D008619FF /* HomeViewController.xib in Resources */,
				2CD970611945496D008619FF /* InfoPlist.strings in Resources */,
				2CD970691945496D008619FF /* Images.xcassets in Resources */,
				2CD970A2194549C5008619FF /* UMSCommentDetailController.xib in Resources */,
				2CD970A8194549C5008619FF /* UMSnsAccountViewController.xib in Resources */,
				2CD970AA194549C5008619FF /* UMSocialSDKResourcesNew.bundle in Resources */,
				2CD970A7194549C5008619FF /* UMSLoginViewController.xib in Resources */,
				2CD970A3194549C5008619FF /* UMSCommentInputController.xib in Resources */,
				2CD970C119454D68008619FF /* icon.png in Resources */,
				2CD970A9194549C5008619FF /* UMSShareListController.xib in Resources */,
				2CD970A6194549C5008619FF /* UMShareEditViewControlleriPad.xib in Resources */,
				2CD970A0194549C5008619FF /* UMSocialLocalizable.strings in Resources */,
			);
			runOnlyForDeploymentPostprocessing = 0;
		};
		2CD9706C1945496D008619FF /* Resources */ = {
			isa = PBXResourcesBuildPhase;
			buildActionMask = 2147483647;
			files = (
				2CD9707A1945496D008619FF /* InfoPlist.strings in Resources */,
			);
			runOnlyForDeploymentPostprocessing = 0;
		};
/* End PBXResourcesBuildPhase section */

/* Begin PBXSourcesBuildPhase section */
		2CD9704F1945496D008619FF /* Sources */ = {
			isa = PBXSourcesBuildPhase;
			buildActionMask = 2147483647;
			files = (
				2CD970631945496D008619FF /* main.m in Sources */,
				2CD970671945496D008619FF /* O2OAppDelegate.m in Sources */,
				2CD970AE19454B3D008619FF /* HomeViewController.m in Sources */,
			);
			runOnlyForDeploymentPostprocessing = 0;
		};
		2CD9706A1945496D008619FF /* Sources */ = {
			isa = PBXSourcesBuildPhase;
			buildActionMask = 2147483647;
			files = (
				2CD9707C1945496D008619FF /* UMengDemoTests.m in Sources */,
			);
			runOnlyForDeploymentPostprocessing = 0;
		};
/* End PBXSourcesBuildPhase section */

/* Begin PBXTargetDependency section */
		2CD970741945496D008619FF /* PBXTargetDependency */ = {
			isa = PBXTargetDependency;
			target = 2CD970521945496D008619FF /* UMengDemo */;
			targetProxy = 2CD970731945496D008619FF /* PBXContainerItemProxy */;
		};
/* End PBXTargetDependency section */

/* Begin PBXVariantGroup section */
		2CD9705F1945496D008619FF /* InfoPlist.strings */ = {
			isa = PBXVariantGroup;
			children = (
				2CD970601945496D008619FF /* en */,
			);
			name = InfoPlist.strings;
			sourceTree = "<group>";
		};
		2CD970781945496D008619FF /* InfoPlist.strings */ = {
			isa = PBXVariantGroup;
			children = (
				2CD970791945496D008619FF /* en */,
			);
			name = InfoPlist.strings;
			sourceTree = "<group>";
		};
		2CD97086194549C5008619FF /* UMSocialLocalizable.strings */ = {
			isa = PBXVariantGroup;
			children = (
				2CD97087194549C5008619FF /* en */,
				2CD9709F194549C5008619FF /* zh-Hans */,
			);
			name = UMSocialLocalizable.strings;
			sourceTree = "<group>";
		};
/* End PBXVariantGroup section */

/* Begin XCBuildConfiguration section */
		2CD9707D1945496D008619FF /* Debug */ = {
			isa = XCBuildConfiguration;
			buildSettings = {
				ALWAYS_SEARCH_USER_PATHS = NO;
				CLANG_CXX_LANGUAGE_STANDARD = "gnu++0x";
				CLANG_CXX_LIBRARY = "libc++";
				CLANG_ENABLE_MODULES = YES;
				CLANG_ENABLE_OBJC_ARC = YES;
				CLANG_WARN_BOOL_CONVERSION = YES;
				CLANG_WARN_CONSTANT_CONVERSION = YES;
				CLANG_WARN_DIRECT_OBJC_ISA_USAGE = YES_ERROR;
				CLANG_WARN_EMPTY_BODY = YES;
				CLANG_WARN_ENUM_CONVERSION = YES;
				CLANG_WARN_INT_CONVERSION = YES;
				CLANG_WARN_OBJC_ROOT_CLASS = YES_ERROR;
				CLANG_WARN__DUPLICATE_METHOD_MATCH = YES;
				"CODE_SIGN_IDENTITY[sdk=iphoneos*]" = "iPhone Developer";
				COPY_PHASE_STRIP = NO;
				GCC_C_LANGUAGE_STANDARD = gnu99;
				GCC_DYNAMIC_NO_PIC = NO;
				GCC_OPTIMIZATION_LEVEL = 0;
				GCC_PREPROCESSOR_DEFINITIONS = (
					"DEBUG=1",
					"$(inherited)",
				);
				GCC_SYMBOLS_PRIVATE_EXTERN = NO;
				GCC_WARN_64_TO_32_BIT_CONVERSION = YES;
				GCC_WARN_ABOUT_RETURN_TYPE = YES_ERROR;
				GCC_WARN_UNDECLARED_SELECTOR = YES;
				GCC_WARN_UNINITIALIZED_AUTOS = YES_AGGRESSIVE;
				GCC_WARN_UNUSED_FUNCTION = YES;
				GCC_WARN_UNUSED_VARIABLE = YES;
				IPHONEOS_DEPLOYMENT_TARGET = 7.1;
				ONLY_ACTIVE_ARCH = YES;
				SDKROOT = iphoneos;
			};
			name = Debug;
		};
		2CD9707E1945496D008619FF /* Release */ = {
			isa = XCBuildConfiguration;
			buildSettings = {
				ALWAYS_SEARCH_USER_PATHS = NO;
				CLANG_CXX_LANGUAGE_STANDARD = "gnu++0x";
				CLANG_CXX_LIBRARY = "libc++";
				CLANG_ENABLE_MODULES = YES;
				CLANG_ENABLE_OBJC_ARC = YES;
				CLANG_WARN_BOOL_CONVERSION = YES;
				CLANG_WARN_CONSTANT_CONVERSION = YES;
				CLANG_WARN_DIRECT_OBJC_ISA_USAGE = YES_ERROR;
				CLANG_WARN_EMPTY_BODY = YES;
				CLANG_WARN_ENUM_CONVERSION = YES;
				CLANG_WARN_INT_CONVERSION = YES;
				CLANG_WARN_OBJC_ROOT_CLASS = YES_ERROR;
				CLANG_WARN__DUPLICATE_METHOD_MATCH = YES;
				"CODE_SIGN_IDENTITY[sdk=iphoneos*]" = "iPhone Developer";
				COPY_PHASE_STRIP = YES;
				ENABLE_NS_ASSERTIONS = NO;
				GCC_C_LANGUAGE_STANDARD = gnu99;
				GCC_WARN_64_TO_32_BIT_CONVERSION = YES;
				GCC_WARN_ABOUT_RETURN_TYPE = YES_ERROR;
				GCC_WARN_UNDECLARED_SELECTOR = YES;
				GCC_WARN_UNINITIALIZED_AUTOS = YES_AGGRESSIVE;
				GCC_WARN_UNUSED_FUNCTION = YES;
				GCC_WARN_UNUSED_VARIABLE = YES;
				IPHONEOS_DEPLOYMENT_TARGET = 7.1;
				SDKROOT = iphoneos;
				VALIDATE_PRODUCT = YES;
			};
			name = Release;
		};
		2CD970801945496D008619FF /* Debug */ = {
			isa = XCBuildConfiguration;
			buildSettings = {
				ASSETCATALOG_COMPILER_APPICON_NAME = AppIcon;
				ASSETCATALOG_COMPILER_LAUNCHIMAGE_NAME = LaunchImage;
				GCC_PRECOMPILE_PREFIX_HEADER = YES;
				GCC_PREFIX_HEADER = "UMengDemo/UMengDemo-Prefix.pch";
				INFOPLIST_FILE = "UMengDemo/UMengDemo-Info.plist";
				LIBRARY_SEARCH_PATHS = (
					"$(inherited)",
					"$(PROJECT_DIR)/UMSocial_Sdk_3.3.8",
				);
				PRODUCT_NAME = "$(TARGET_NAME)";
				WRAPPER_EXTENSION = app;
			};
			name = Debug;
		};
		2CD970811945496D008619FF /* Release */ = {
			isa = XCBuildConfiguration;
			buildSettings = {
				ASSETCATALOG_COMPILER_APPICON_NAME = AppIcon;
				ASSETCATALOG_COMPILER_LAUNCHIMAGE_NAME = LaunchImage;
				GCC_PRECOMPILE_PREFIX_HEADER = YES;
				GCC_PREFIX_HEADER = "UMengDemo/UMengDemo-Prefix.pch";
				INFOPLIST_FILE = "UMengDemo/UMengDemo-Info.plist";
				LIBRARY_SEARCH_PATHS = (
					"$(inherited)",
					"$(PROJECT_DIR)/UMSocial_Sdk_3.3.8",
				);
				PRODUCT_NAME = "$(TARGET_NAME)";
				WRAPPER_EXTENSION = app;
			};
			name = Release;
		};
		2CD970831945496D008619FF /* Debug */ = {
			isa = XCBuildConfiguration;
			buildSettings = {
				BUNDLE_LOADER = "$(BUILT_PRODUCTS_DIR)/UMengDemo.app/UMengDemo";
				FRAMEWORK_SEARCH_PATHS = (
					"$(SDKROOT)/Developer/Library/Frameworks",
					"$(inherited)",
					"$(DEVELOPER_FRAMEWORKS_DIR)",
				);
				GCC_PRECOMPILE_PREFIX_HEADER = YES;
				GCC_PREFIX_HEADER = "UMengDemo/UMengDemo-Prefix.pch";
				GCC_PREPROCESSOR_DEFINITIONS = (
					"DEBUG=1",
					"$(inherited)",
				);
				INFOPLIST_FILE = "UMengDemoTests/UMengDemoTests-Info.plist";
				PRODUCT_NAME = "$(TARGET_NAME)";
				TEST_HOST = "$(BUNDLE_LOADER)";
				WRAPPER_EXTENSION = xctest;
			};
			name = Debug;
		};
		2CD970841945496D008619FF /* Release */ = {
			isa = XCBuildConfiguration;
			buildSettings = {
				BUNDLE_LOADER = "$(BUILT_PRODUCTS_DIR)/UMengDemo.app/UMengDemo";
				FRAMEWORK_SEARCH_PATHS = (
					"$(SDKROOT)/Developer/Library/Frameworks",
					"$(inherited)",
					"$(DEVELOPER_FRAMEWORKS_DIR)",
				);
				GCC_PRECOMPILE_PREFIX_HEADER = YES;
				GCC_PREFIX_HEADER = "UMengDemo/UMengDemo-Prefix.pch";
				INFOPLIST_FILE = "UMengDemoTests/UMengDemoTests-Info.plist";
				PRODUCT_NAME = "$(TARGET_NAME)";
				TEST_HOST = "$(BUNDLE_LOADER)";
				WRAPPER_EXTENSION = xctest;
			};
			name = Release;
		};
/* End XCBuildConfiguration section */

/* Begin XCConfigurationList section */
		2CD9704E1945496D008619FF /* Build configuration list for PBXProject "UMengDemo" */ = {
			isa = XCConfigurationList;
			buildConfigurations = (
				2CD9707D1945496D008619FF /* Debug */,
				2CD9707E1945496D008619FF /* Release */,
			);
			defaultConfigurationIsVisible = 0;
			defaultConfigurationName = Release;
		};
		2CD9707F1945496D008619FF /* Build configuration list for PBXNativeTarget "UMengDemo" */ = {
			isa = XCConfigurationList;
			buildConfigurations = (
				2CD970801945496D008619FF /* Debug */,
				2CD970811945496D008619FF /* Release */,
			);
			defaultConfigurationIsVisible = 0;
		};
		2CD970821945496D008619FF /* Build configuration list for PBXNativeTarget "UMengDemoTests" */ = {
			isa = XCConfigurationList;
			buildConfigurations = (
				2CD970831945496D008619FF /* Debug */,
				2CD970841945496D008619FF /* Release */,
			);
			defaultConfigurationIsVisible = 0;
		};
/* End XCConfigurationList section */
	};
	rootObject = 2CD9704B1945496D008619FF /* Project object */;
}
